{
  "name": "svelte-tampermonkey",
  "version": "0.0.0",
  "lockfileVersion": 3,
  "requires": true,
  "packages": {
    "": {
      "name": "svelte-tampermonkey",
      "version": "0.0.0",
      "devDependencies": {
        "@sveltejs/vite-plugin-svelte": "^1.0.0-next.30",
        "svelte": "^3.58.0",
        "vite": "^4.2.1"
      }
    },
    "node_modules/@esbuild/android-arm": {
      "version": "0.17.16",
      "resolved": "https://registry.npmmirror.com/@esbuild/android-arm/-/android-arm-0.17.16.tgz",
      "integrity": "sha512-baLqRpLe4JnKrUXLJChoTN0iXZH7El/mu58GE3WIA6/H834k0XWvLRmGLG8y8arTRS9hJJibPnF0tiGhmWeZgw==",
      "cpu": [
        "arm"
      ],
      "dev": true,
      "optional": true,
      "os": [
        "android"
      ],
      "engines": {
        "node": ">=12"
      }
    },
    "node_modules/@esbuild/android-arm64": {
      "version": "0.17.16",
      "resolved": "https://registry.npmmirror.com/@esbuild/android-arm64/-/android-arm64-0.17.16.tgz",
      "integrity": "sha512-QX48qmsEZW+gcHgTmAj+x21mwTz8MlYQBnzF6861cNdQGvj2jzzFjqH0EBabrIa/WVZ2CHolwMoqxVryqKt8+Q==",
      "cpu": [
        "arm64"
      ],
      "dev": true,
      "optional": true,
      "os": [
        "android"
      ],
      "engines": {
        "node": ">=12"
      }
    },
    "node_modules/@esbuild/android-x64": {
      "version": "0.17.16",
      "resolved": "https://registry.npmmirror.com/@esbuild/android-x64/-/android-x64-0.17.16.tgz",
      "integrity": "sha512-G4wfHhrrz99XJgHnzFvB4UwwPxAWZaZBOFXh+JH1Duf1I4vIVfuYY9uVLpx4eiV2D/Jix8LJY+TAdZ3i40tDow==",
      "cpu": [
        "x64"
      ],
      "dev": true,
      "optional": true,
      "os": [
        "android"
      ],
      "engines": {
        "node": ">=12"
      }
    },
    "node_modules/@esbuild/darwin-arm64": {
      "version": "0.17.16",
      "resolved": "https://registry.npmmirror.com/@esbuild/darwin-arm64/-/darwin-arm64-0.17.16.tgz",
      "integrity": "sha512-/Ofw8UXZxuzTLsNFmz1+lmarQI6ztMZ9XktvXedTbt3SNWDn0+ODTwxExLYQ/Hod91EZB4vZPQJLoqLF0jvEzA==",
      "cpu": [
        "arm64"
      ],
      "dev": true,
      "optional": true,
      "os": [
        "darwin"
      ],
      "engines": {
        "node": ">=12"
      }
    },
    "node_modules/@esbuild/darwin-x64": {
      "version": "0.17.16",
      "resolved": "https://registry.npmmirror.com/@esbuild/darwin-x64/-/darwin-x64-0.17.16.tgz",
      "integrity": "sha512-SzBQtCV3Pdc9kyizh36Ol+dNVhkDyIrGb/JXZqFq8WL37LIyrXU0gUpADcNV311sCOhvY+f2ivMhb5Tuv8nMOQ==",
      "cpu": [
        "x64"
      ],
      "dev": true,
      "optional": true,
      "os": [
        "darwin"
      ],
      "engines": {
        "node": ">=12"
      }
    },
    "node_modules/@esbuild/freebsd-arm64": {
      "version": "0.17.16",
      "resolved": "https://registry.npmmirror.com/@esbuild/freebsd-arm64/-/freebsd-arm64-0.17.16.tgz",
      "integrity": "sha512-ZqftdfS1UlLiH1DnS2u3It7l4Bc3AskKeu+paJSfk7RNOMrOxmeFDhLTMQqMxycP1C3oj8vgkAT6xfAuq7ZPRA==",
      "cpu": [
        "arm64"
      ],
      "dev": true,
      "optional": true,
      "os": [
        "freebsd"
      ],
      "engines": {
        "node": ">=12"
      }
    },
    "node_modules/@esbuild/freebsd-x64": {
      "version": "0.17.16",
      "resolved": "https://registry.npmmirror.com/@esbuild/freebsd-x64/-/freebsd-x64-0.17.16.tgz",
      "integrity": "sha512-rHV6zNWW1tjgsu0dKQTX9L0ByiJHHLvQKrWtnz8r0YYJI27FU3Xu48gpK2IBj1uCSYhJ+pEk6Y0Um7U3rIvV8g==",
      "cpu": [
        "x64"
      ],
      "dev": true,
      "optional": true,
      "os": [
        "freebsd"
      ],
      "engines": {
        "node": ">=12"
      }
    },
    "node_modules/@esbuild/linux-arm": {
      "version": "0.17.16",
      "resolved": "https://registry.npmmirror.com/@esbuild/linux-arm/-/linux-arm-0.17.16.tgz",
      "integrity": "sha512-n4O8oVxbn7nl4+m+ISb0a68/lcJClIbaGAoXwqeubj/D1/oMMuaAXmJVfFlRjJLu/ZvHkxoiFJnmbfp4n8cdSw==",
      "cpu": [
        "arm"
      ],
      "dev": true,
      "optional": true,
      "os": [
        "linux"
      ],
      "engines": {
        "node": ">=12"
      }
    },
    "node_modules/@esbuild/linux-arm64": {
      "version": "0.17.16",
      "resolved": "https://registry.npmmirror.com/@esbuild/linux-arm64/-/linux-arm64-0.17.16.tgz",
      "integrity": "sha512-8yoZhGkU6aHu38WpaM4HrRLTFc7/VVD9Q2SvPcmIQIipQt2I/GMTZNdEHXoypbbGao5kggLcxg0iBKjo0SQYKA==",
      "cpu": [
        "arm64"
      ],
      "dev": true,
      "optional": true,
      "os": [
        "linux"
      ],
      "engines": {
        "node": ">=12"
      }
    },
    "node_modules/@esbuild/linux-ia32": {
      "version": "0.17.16",
      "resolved": "https://registry.npmmirror.com/@esbuild/linux-ia32/-/linux-ia32-0.17.16.tgz",
      "integrity": "sha512-9ZBjlkdaVYxPNO8a7OmzDbOH9FMQ1a58j7Xb21UfRU29KcEEU3VTHk+Cvrft/BNv0gpWJMiiZ/f4w0TqSP0gLA==",
      "cpu": [
        "ia32"
      ],
      "dev": true,
      "optional": true,
      "os": [
        "linux"
      ],
      "engines": {
        "node": ">=12"
      }
    },
    "node_modules/@esbuild/linux-loong64": {
      "version": "0.17.16",
      "resolved": "https://registry.npmmirror.com/@esbuild/linux-loong64/-/linux-loong64-0.17.16.tgz",
      "integrity": "sha512-TIZTRojVBBzdgChY3UOG7BlPhqJz08AL7jdgeeu+kiObWMFzGnQD7BgBBkWRwOtKR1i2TNlO7YK6m4zxVjjPRQ==",
      "cpu": [
        "loong64"
      ],
      "dev": true,
      "optional": true,
      "os": [
        "linux"
      ],
      "engines": {
        "node": ">=12"
      }
    },
    "node_modules/@esbuild/linux-mips64el": {
      "version": "0.17.16",
      "resolved": "https://registry.npmmirror.com/@esbuild/linux-mips64el/-/linux-mips64el-0.17.16.tgz",
      "integrity": "sha512-UPeRuFKCCJYpBbIdczKyHLAIU31GEm0dZl1eMrdYeXDH+SJZh/i+2cAmD3A1Wip9pIc5Sc6Kc5cFUrPXtR0XHA==",
      "cpu": [
        "mips64el"
      ],
      "dev": true,
      "optional": true,
      "os": [
        "linux"
      ],
      "engines": {
        "node": ">=12"
      }
    },
    "node_modules/@esbuild/linux-ppc64": {
      "version": "0.17.16",
      "resolved": "https://registry.npmmirror.com/@esbuild/linux-ppc64/-/linux-ppc64-0.17.16.tgz",
      "integrity": "sha512-io6yShgIEgVUhExJejJ21xvO5QtrbiSeI7vYUnr7l+v/O9t6IowyhdiYnyivX2X5ysOVHAuyHW+Wyi7DNhdw6Q==",
      "cpu": [
        "ppc64"
      ],
      "dev": true,
      "optional": true,
      "os": [
        "linux"
      ],
      "engines": {
        "node": ">=12"
      }
    },
    "node_modules/@esbuild/linux-riscv64": {
      "version": "0.17.16",
      "resolved": "https://registry.npmmirror.com/@esbuild/linux-riscv64/-/linux-riscv64-0.17.16.tgz",
      "integrity": "sha512-WhlGeAHNbSdG/I2gqX2RK2gfgSNwyJuCiFHMc8s3GNEMMHUI109+VMBfhVqRb0ZGzEeRiibi8dItR3ws3Lk+cA==",
      "cpu": [
        "riscv64"
      ],
      "dev": true,
      "optional": true,
      "os": [
        "linux"
      ],
      "engines": {
        "node": ">=12"
      }
    },
    "node_modules/@esbuild/linux-s390x": {
      "version": "0.17.16",
      "resolved": "https://registry.npmmirror.com/@esbuild/linux-s390x/-/linux-s390x-0.17.16.tgz",
      "integrity": "sha512-gHRReYsJtViir63bXKoFaQ4pgTyah4ruiMRQ6im9YZuv+gp3UFJkNTY4sFA73YDynmXZA6hi45en4BGhNOJUsw==",
      "cpu": [
        "s390x"
      ],
      "dev": true,
      "optional": true,
      "os": [
        "linux"
      ],
      "engines": {
        "node": ">=12"
      }
    },
    "node_modules/@esbuild/linux-x64": {
      "version": "0.17.16",
      "resolved": "https://registry.npmmirror.com/@esbuild/linux-x64/-/linux-x64-0.17.16.tgz",
      "integrity": "sha512-mfiiBkxEbUHvi+v0P+TS7UnA9TeGXR48aK4XHkTj0ZwOijxexgMF01UDFaBX7Q6CQsB0d+MFNv9IiXbIHTNd4g==",
      "cpu": [
        "x64"
      ],
      "dev": true,
      "optional": true,
      "os": [
        "linux"
      ],
      "engines": {
        "node": ">=12"
      }
    },
    "node_modules/@esbuild/netbsd-x64": {
      "version": "0.17.16",
      "resolved": "https://registry.npmmirror.com/@esbuild/netbsd-x64/-/netbsd-x64-0.17.16.tgz",
      "integrity": "sha512-n8zK1YRDGLRZfVcswcDMDM0j2xKYLNXqei217a4GyBxHIuPMGrrVuJ+Ijfpr0Kufcm7C1k/qaIrGy6eG7wvgmA==",
      "cpu": [
        "x64"
      ],
      "dev": true,
      "optional": true,
      "os": [
        "netbsd"
      ],
      "engines": {
        "node": ">=12"
      }
    },
    "node_modules/@esbuild/openbsd-x64": {
      "version": "0.17.16",
      "resolved": "https://registry.npmmirror.com/@esbuild/openbsd-x64/-/openbsd-x64-0.17.16.tgz",
      "integrity": "sha512-lEEfkfsUbo0xC47eSTBqsItXDSzwzwhKUSsVaVjVji07t8+6KA5INp2rN890dHZeueXJAI8q0tEIfbwVRYf6Ew==",
      "cpu": [
        "x64"
      ],
      "dev": true,
      "optional": true,
      "os": [
        "openbsd"
      ],
      "engines": {
        "node": ">=12"
      }
    },
    "node_modules/@esbuild/sunos-x64": {
      "version": "0.17.16",
      "resolved": "https://registry.npmmirror.com/@esbuild/sunos-x64/-/sunos-x64-0.17.16.tgz",
      "integrity": "sha512-jlRjsuvG1fgGwnE8Afs7xYDnGz0dBgTNZfgCK6TlvPH3Z13/P5pi6I57vyLE8qZYLrGVtwcm9UbUx1/mZ8Ukag==",
      "cpu": [
        "x64"
      ],
      "dev": true,
      "optional": true,
      "os": [
        "sunos"
      ],
      "engines": {
        "node": ">=12"
      }
    },
    "node_modules/@esbuild/win32-arm64": {
      "version": "0.17.16",
      "resolved": "https://registry.npmmirror.com/@esbuild/win32-arm64/-/win32-arm64-0.17.16.tgz",
      "integrity": "sha512-TzoU2qwVe2boOHl/3KNBUv2PNUc38U0TNnzqOAcgPiD/EZxT2s736xfC2dYQbszAwo4MKzzwBV0iHjhfjxMimg==",
      "cpu": [
        "arm64"
      ],
      "dev": true,
      "optional": true,
      "os": [
        "win32"
      ],
      "engines": {
        "node": ">=12"
      }
    },
    "node_modules/@esbuild/win32-ia32": {
      "version": "0.17.16",
      "resolved": "https://registry.npmmirror.com/@esbuild/win32-ia32/-/win32-ia32-0.17.16.tgz",
      "integrity": "sha512-B8b7W+oo2yb/3xmwk9Vc99hC9bNolvqjaTZYEfMQhzdpBsjTvZBlXQ/teUE55Ww6sg//wlcDjOaqldOKyigWdA==",
      "cpu": [
        "ia32"
      ],
      "dev": true,
      "optional": true,
      "os": [
        "win32"
      ],
      "engines": {
        "node": ">=12"
      }
    },
    "node_modules/@esbuild/win32-x64": {
      "version": "0.17.16",
      "resolved": "https://registry.npmmirror.com/@esbuild/win32-x64/-/win32-x64-0.17.16.tgz",
      "integrity": "sha512-xJ7OH/nanouJO9pf03YsL9NAFQBHd8AqfrQd7Pf5laGyyTt/gToul6QYOA/i5i/q8y9iaM5DQFNTgpi995VkOg==",
      "cpu": [
        "x64"
      ],
      "dev": true,
      "optional": true,
      "os": [
        "win32"
      ],
      "engines": {
        "node": ">=12"
      }
    },
    "node_modules/@rollup/pluginutils": {
      "version": "4.1.2",
      "resolved": "https://registry.npmmirror.com/@rollup/pluginutils/-/pluginutils-4.1.2.tgz",
      "integrity": "sha512-ROn4qvkxP9SyPeHaf7uQC/GPFY6L/OWy9+bd9AwcjOAWQwxRscoEyAUD8qCY5o5iL4jqQwoLk2kaTKJPb/HwzQ==",
      "dev": true,
      "dependencies": {
        "estree-walker": "^2.0.1",
        "picomatch": "^2.2.2"
      },
      "engines": {
        "node": ">= 8.0.0"
      }
    },
    "node_modules/@sveltejs/vite-plugin-svelte": {
      "version": "1.0.0-next.37",
      "resolved": "https://registry.npmmirror.com/@sveltejs/vite-plugin-svelte/-/vite-plugin-svelte-1.0.0-next.37.tgz",
      "integrity": "sha512-EdSXw2rXeOahNrQfMJVZxa/NxZxW1a0TiBI3s+pVxnxU14hEQtnkLtdbTFhnceu22gJpNPFSIJRcIwRBBDQIeA==",
      "dev": true,
      "dependencies": {
        "@rollup/pluginutils": "^4.1.2",
        "debug": "^4.3.3",
        "kleur": "^4.1.4",
        "magic-string": "^0.25.7",
        "svelte-hmr": "^0.14.9"
      },
      "engines": {
        "node": "^14.13.1 || >= 16"
      },
      "peerDependencies": {
        "diff-match-patch": "^1.0.5",
        "svelte": "^3.44.0",
        "vite": "^2.7.0"
      },
      "peerDependenciesMeta": {
        "diff-match-patch": {
          "optional": true
        }
      }
    },
    "node_modules/debug": {
      "version": "4.3.3",
      "resolved": "https://registry.npmmirror.com/debug/-/debug-4.3.3.tgz",
      "integrity": "sha512-/zxw5+vh1Tfv+4Qn7a5nsbcJKPaSvCDhojn6FEl9vupwK2VCSDtEiEtqr8DFtzYFOdz63LBkxec7DYuc2jon6Q==",
      "dev": true,
      "dependencies": {
        "ms": "2.1.2"
      },
      "engines": {
        "node": ">=6.0"
      },
      "peerDependenciesMeta": {
        "supports-color": {
          "optional": true
        }
      }
    },
    "node_modules/esbuild": {
      "version": "0.17.16",
      "resolved": "https://registry.npmmirror.com/esbuild/-/esbuild-0.17.16.tgz",
      "integrity": "sha512-aeSuUKr9aFVY9Dc8ETVELGgkj4urg5isYx8pLf4wlGgB0vTFjxJQdHnNH6Shmx4vYYrOTLCHtRI5i1XZ9l2Zcg==",
      "dev": true,
      "hasInstallScript": true,
      "bin": {
        "esbuild": "bin/esbuild"
      },
      "engines": {
        "node": ">=12"
      },
      "optionalDependencies": {
        "@esbuild/android-arm": "0.17.16",
        "@esbuild/android-arm64": "0.17.16",
        "@esbuild/android-x64": "0.17.16",
        "@esbuild/darwin-arm64": "0.17.16",
        "@esbuild/darwin-x64": "0.17.16",
        "@esbuild/freebsd-arm64": "0.17.16",
        "@esbuild/freebsd-x64": "0.17.16",
        "@esbuild/linux-arm": "0.17.16",
        "@esbuild/linux-arm64": "0.17.16",
        "@esbuild/linux-ia32": "0.17.16",
        "@esbuild/linux-loong64": "0.17.16",
        "@esbuild/linux-mips64el": "0.17.16",
        "@esbuild/linux-ppc64": "0.17.16",
        "@esbuild/linux-riscv64": "0.17.16",
        "@esbuild/linux-s390x": "0.17.16",
        "@esbuild/linux-x64": "0.17.16",
        "@esbuild/netbsd-x64": "0.17.16",
        "@esbuild/openbsd-x64": "0.17.16",
        "@esbuild/sunos-x64": "0.17.16",
        "@esbuild/win32-arm64": "0.17.16",
        "@esbuild/win32-ia32": "0.17.16",
        "@esbuild/win32-x64": "0.17.16"
      }
    },
    "node_modules/estree-walker": {
      "version": "2.0.2",
      "resolved": "https://registry.npmmirror.com/estree-walker/-/estree-walker-2.0.2.tgz",
      "integrity": "sha512-Rfkk/Mp/DL7JVje3u18FxFujQlTNR2q6QfMSMB7AvCBx91NGj/ba3kCfza0f6dVDbw7YlRf/nDrn7pQrCCyQ/w==",
      "dev": true
    },
    "node_modules/fsevents": {
      "version": "2.3.2",
      "resolved": "https://registry.npmmirror.com/fsevents/-/fsevents-2.3.2.tgz",
      "integrity": "sha512-xiqMQR4xAeHTuB9uWm+fFRcIOgKBMiOBP+eXiyT7jsgVCq1bkVygt00oASowB7EdtpOHaaPgKt812P9ab+DDKA==",
      "dev": true,
      "hasInstallScript": true,
      "optional": true,
      "os": [
        "darwin"
      ],
      "engines": {
        "node": "^8.16.0 || ^10.6.0 || >=11.0.0"
      }
    },
    "node_modules/function-bind": {
      "version": "1.1.1",
      "resolved": "https://registry.npmmirror.com/function-bind/-/function-bind-1.1.1.tgz",
      "integrity": "sha512-yIovAzMX49sF8Yl58fSCWJ5svSLuaibPxXQJFLmBObTuCr0Mf1KiPopGM9NiFjiYBCbfaa2Fh6breQ6ANVTI0A==",
      "dev": true
    },
    "node_modules/has": {
      "version": "1.0.3",
      "resolved": "https://registry.npmmirror.com/has/-/has-1.0.3.tgz",
      "integrity": "sha512-f2dvO0VU6Oej7RkWJGrehjbzMAjFp5/VKPp5tTpWIV4JHHZK1/BxbFRtf/siA2SWTe09caDmVtYYzWEIbBS4zw==",
      "dev": true,
      "dependencies": {
        "function-bind": "^1.1.1"
      },
      "engines": {
        "node": ">= 0.4.0"
      }
    },
    "node_modules/is-core-module": {
      "version": "2.12.0",
      "resolved": "https://registry.npmmirror.com/is-core-module/-/is-core-module-2.12.0.tgz",
      "integrity": "sha512-RECHCBCd/viahWmwj6enj19sKbHfJrddi/6cBDsNTKbNq0f7VeaUkBo60BqzvPqo/W54ChS62Z5qyun7cfOMqQ==",
      "dev": true,
      "dependencies": {
        "has": "^1.0.3"
      }
    },
    "node_modules/kleur": {
      "version": "4.1.4",
      "resolved": "https://registry.npmmirror.com/kleur/-/kleur-4.1.4.tgz",
      "integrity": "sha512-8QADVssbrFjivHWQU7KkMgptGTl6WAcSdlbBPY4uNF+mWr6DGcKrvY2w4FQJoXch7+fKMjj0dRrL75vk3k23OA==",
      "dev": true,
      "engines": {
        "node": ">=6"
      }
    },
    "node_modules/magic-string": {
      "version": "0.25.7",
      "resolved": "https://registry.npmmirror.com/magic-string/-/magic-string-0.25.7.tgz",
      "integrity": "sha512-4CrMT5DOHTDk4HYDlzmwu4FVCcIYI8gauveasrdCu2IKIFOJ3f0v/8MDGJCDL9oD2ppz/Av1b0Nj345H9M+XIA==",
      "dev": true,
      "dependencies": {
        "sourcemap-codec": "^1.4.4"
      }
    },
    "node_modules/ms": {
      "version": "2.1.2",
      "resolved": "https://registry.npmmirror.com/ms/-/ms-2.1.2.tgz",
      "integrity": "sha512-sGkPx+VjMtmA6MX27oA4FBFELFCZZ4S4XqeGOXCv68tT+jb3vk/RyaKWP0PTKyWtmLSM0b+adUTEvbs1PEaH2w==",
      "dev": true
    },
    "node_modules/nanoid": {
      "version": "3.3.6",
      "resolved": "https://registry.npmmirror.com/nanoid/-/nanoid-3.3.6.tgz",
      "integrity": "sha512-BGcqMMJuToF7i1rt+2PWSNVnWIkGCU78jBG3RxO/bZlnZPK2Cmi2QaffxGO/2RvWi9sL+FAiRiXMgsyxQ1DIDA==",
      "dev": true,
      "bin": {
        "nanoid": "bin/nanoid.cjs"
      },
      "engines": {
        "node": "^10 || ^12 || ^13.7 || ^14 || >=15.0.1"
      }
    },
    "node_modules/path-parse": {
      "version": "1.0.7",
      "resolved": "https://registry.npmmirror.com/path-parse/-/path-parse-1.0.7.tgz",
      "integrity": "sha512-LDJzPVEEEPR+y48z93A0Ed0yXb8pAByGWo/k5YYdYgpY2/2EsOsksJrq7lOHxryrVOn1ejG6oAp8ahvOIQD8sw==",
      "dev": true
    },
    "node_modules/picocolors": {
      "version": "1.0.0",
      "resolved": "https://registry.npmmirror.com/picocolors/-/picocolors-1.0.0.tgz",
      "integrity": "sha512-1fygroTLlHu66zi26VoTDv8yRgm0Fccecssto+MhsZ0D/DGW2sm8E8AjW7NU5VVTRt5GxbeZ5qBuJr+HyLYkjQ==",
      "dev": true
    },
    "node_modules/picomatch": {
      "version": "2.3.1",
      "resolved": "https://registry.npmmirror.com/picomatch/-/picomatch-2.3.1.tgz",
      "integrity": "sha512-JU3teHTNjmE2VCGFzuY8EXzCDVwEqB2a8fsIvwaStHhAWJEeVd1o1QD80CU6+ZdEXXSLbSsuLwJjkCBWqRQUVA==",
      "dev": true,
      "engines": {
        "node": ">=8.6"
      }
    },
    "node_modules/postcss": {
      "version": "8.4.21",
      "resolved": "https://registry.npmmirror.com/postcss/-/postcss-8.4.21.tgz",
      "integrity": "sha512-tP7u/Sn/dVxK2NnruI4H9BG+x+Wxz6oeZ1cJ8P6G/PZY0IKk4k/63TDsQf2kQq3+qoJeLm2kIBUNlZe3zgb4Zg==",
      "dev": true,
      "dependencies": {
        "nanoid": "^3.3.4",
        "picocolors": "^1.0.0",
        "source-map-js": "^1.0.2"
      },
      "engines": {
        "node": "^10 || ^12 || >=14"
      }
    },
    "node_modules/resolve": {
      "version": "1.22.2",
      "resolved": "https://registry.npmmirror.com/resolve/-/resolve-1.22.2.tgz",
      "integrity": "sha512-Sb+mjNHOULsBv818T40qSPeRiuWLyaGMa5ewydRLFimneixmVy2zdivRl+AF6jaYPC8ERxGDmFSiqui6SfPd+g==",
      "dev": true,
      "dependencies": {
        "is-core-module": "^2.11.0",
        "path-parse": "^1.0.7",
        "supports-preserve-symlinks-flag": "^1.0.0"
      },
      "bin": {
        "resolve": "bin/resolve"
      }
    },
    "node_modules/rollup": {
      "version": "3.20.2",
      "resolved": "https://registry.npmmirror.com/rollup/-/rollup-3.20.2.tgz",
      "integrity": "sha512-3zwkBQl7Ai7MFYQE0y1MeQ15+9jsi7XxfrqwTb/9EK8D9C9+//EBR4M+CuA1KODRaNbFez/lWxA5vhEGZp4MUg==",
      "dev": true,
      "bin": {
        "rollup": "dist/bin/rollup"
      },
      "engines": {
        "node": ">=14.18.0",
        "npm": ">=8.0.0"
      },
      "optionalDependencies": {
        "fsevents": "~2.3.2"
      }
    },
    "node_modules/source-map-js": {
      "version": "1.0.2",
      "resolved": "https://registry.npmmirror.com/source-map-js/-/source-map-js-1.0.2.tgz",
      "integrity": "sha512-R0XvVJ9WusLiqTCEiGCmICCMplcCkIwwR11mOSD9CR5u+IXYdiseeEuXCVAjS54zqwkLcPNnmU4OeJ6tUrWhDw==",
      "dev": true,
      "engines": {
        "node": ">=0.10.0"
      }
    },
    "node_modules/sourcemap-codec": {
      "version": "1.4.8",
      "resolved": "https://registry.npmmirror.com/sourcemap-codec/-/sourcemap-codec-1.4.8.tgz",
      "integrity": "sha512-9NykojV5Uih4lgo5So5dtw+f0JgJX30KCNI8gwhz2J9A15wD0Ml6tjHKwf6fTSa6fAdVBdZeNOs9eJ71qCk8vA==",
      "dev": true
    },
    "node_modules/supports-preserve-symlinks-flag": {
      "version": "1.0.0",
      "resolved": "https://registry.npmmirror.com/supports-preserve-symlinks-flag/-/supports-preserve-symlinks-flag-1.0.0.tgz",
      "integrity": "sha512-ot0WnXS9fgdkgIcePe6RHNk1WA8+muPa6cSjeR3V8K27q9BB1rTE3R1p7Hv0z1ZyAc8s6Vvv8DIyWf681MAt0w==",
      "dev": true,
      "engines": {
        "node": ">= 0.4"
      }
    },
    "node_modules/svelte": {
      "version": "3.58.0",
      "resolved": "https://registry.npmmirror.com/svelte/-/svelte-3.58.0.tgz",
      "integrity": "sha512-brIBNNB76mXFmU/Kerm4wFnkskBbluBDCjx/8TcpYRb298Yh2dztS2kQ6bhtjMcvUhd5ynClfwpz5h2gnzdQ1A==",
      "dev": true,
      "engines": {
        "node": ">= 8"
      }
    },
    "node_modules/svelte-hmr": {
      "version": "0.14.9",
      "resolved": "https://registry.npmmirror.com/svelte-hmr/-/svelte-hmr-0.14.9.tgz",
      "integrity": "sha512-bKE9+4qb4sAnA+TKHiYurUl970rjA0XmlP9TEP7K/ncyWz3m81kA4HOgmlZK/7irGK7gzZlaPDI3cmf8fp/+tg==",
      "dev": true,
      "peerDependencies": {
        "svelte": ">=3.19.0"
      }
    },
    "node_modules/vite": {
      "version": "4.2.1",
      "resolved": "https://registry.npmmirror.com/vite/-/vite-4.2.1.tgz",
      "integrity": "sha512-7MKhqdy0ISo4wnvwtqZkjke6XN4taqQ2TBaTccLIpOKv7Vp2h4Y+NpmWCnGDeSvvn45KxvWgGyb0MkHvY1vgbg==",
      "dev": true,
      "dependencies": {
        "esbuild": "^0.17.5",
        "postcss": "^8.4.21",
        "resolve": "^1.22.1",
        "rollup": "^3.18.0"
      },
      "bin": {
        "vite": "bin/vite.js"
      },
      "engines": {
        "node": "^14.18.0 || >=16.0.0"
      },
      "optionalDependencies": {
        "fsevents": "~2.3.2"
      },
      "peerDependencies": {
        "@types/node": ">= 14",
        "less": "*",
        "sass": "*",
        "stylus": "*",
        "sugarss": "*",
        "terser": "^5.4.0"
      },
      "peerDependenciesMeta": {
        "@types/node": {
          "optional": true
        },
        "less": {
          "optional": true
        },
        "sass": {
          "optional": true
        },
        "stylus": {
          "optional": true
        },
        "sugarss": {
          "optional": true
        },
        "terser": {
          "optional": true
        }
      }
    }
  }
}
